// !$*UTF8*$!
{
	archiveVersion = 1;
	classes = {
	};
	objectVersion = 50;
	objects = {

/* Begin PBXBuildFile section */
		D35591CB212F082100BE1283 /* AppDelegate.swift in Sources */ = {isa = PBXBuildFile; fileRef = D35591CA212F082100BE1283 /* AppDelegate.swift */; };
		D35591CD212F082100BE1283 /* WelcomeVC.swift in Sources */ = {isa = PBXBuildFile; fileRef = D35591CC212F082100BE1283 /* WelcomeVC.swift */; };
		D35591D0212F082100BE1283 /* Main.storyboard in Resources */ = {isa = PBXBuildFile; fileRef = D35591CE212F082100BE1283 /* Main.storyboard */; };
		D35591D2212F082200BE1283 /* Assets.xcassets in Resources */ = {isa = PBXBuildFile; fileRef = D35591D1212F082200BE1283 /* Assets.xcassets */; };
		D35591D5212F082200BE1283 /* LaunchScreen.storyboard in Resources */ = {isa = PBXBuildFile; fileRef = D35591D3212F082200BE1283 /* LaunchScreen.storyboard */; };
		D35591DE212F0AF000BE1283 /* BorderedButton.swift in Sources */ = {isa = PBXBuildFile; fileRef = D35591DD212F0AF000BE1283 /* BorderedButton.swift */; };
		D365C7FC2131815D0043B515 /* SkillVC.swift in Sources */ = {isa = PBXBuildFile; fileRef = D365C7FB2131815D0043B515 /* SkillVC.swift */; };
		D365C7FE213181880043B515 /* LeagueVC.swift in Sources */ = {isa = PBXBuildFile; fileRef = D365C7FD213181880043B515 /* LeagueVC.swift */; };
		D365C800213189320043B515 /* Player.swift in Sources */ = {isa = PBXBuildFile; fileRef = D365C7FF213189320043B515 /* Player.swift */; };
/* End PBXBuildFile section */

/* Begin PBXFileReference section */
		D35591C7212F082100BE1283 /* app-swoosh.app */ = {isa = PBXFileReference; explicitFileType = wrapper.application; includeInIndex = 0; path = "app-swoosh.app"; sourceTree = BUILT_PRODUCTS_DIR; };
		D35591CA212F082100BE1283 /* AppDelegate.swift */ = {isa = PBXFileReference; lastKnownFileType = sourcecode.swift; path = AppDelegate.swift; sourceTree = "<group>"; };
		D35591CC212F082100BE1283 /* WelcomeVC.swift */ = {isa = PBXFileReference; lastKnownFileType = sourcecode.swift; path = WelcomeVC.swift; sourceTree = "<group>"; };
		D35591CF212F082100BE1283 /* Base */ = {isa = PBXFileReference; lastKnownFileType = file.storyboard; name = Base; path = Base.lproj/Main.storyboard; sourceTree = "<group>"; };
		D35591D1212F082200BE1283 /* Assets.xcassets */ = {isa = PBXFileReference; lastKnownFileType = folder.assetcatalog; path = Assets.xcassets; sourceTree = "<group>"; };
		D35591D4212F082200BE1283 /* Base */ = {isa = PBXFileReference; lastKnownFileType = file.storyboard; name = Base; path = Base.lproj/LaunchScreen.storyboard; sourceTree = "<group>"; };
		D35591D6212F082200BE1283 /* Info.plist */ = {isa = PBXFileReference; lastKnownFileType = text.plist.xml; path = Info.plist; sourceTree = "<group>"; };
		D35591DD212F0AF000BE1283 /* BorderedButton.swift */ = {isa = PBXFileReference; lastKnownFileType = sourcecode.swift; path = BorderedButton.swift; sourceTree = "<group>"; };
		D365C7FB2131815D0043B515 /* SkillVC.swift */ = {isa = PBXFileReference; lastKnownFileType = sourcecode.swift; path = SkillVC.swift; sourceTree = "<group>"; };
		D365C7FD213181880043B515 /* LeagueVC.swift */ = {isa = PBXFileReference; lastKnownFileType = sourcecode.swift; path = LeagueVC.swift; sourceTree = "<group>"; };
		D365C7FF213189320043B515 /* Player.swift */ = {isa = PBXFileReference; lastKnownFileType = sourcecode.swift; path = Player.swift; sourceTree = "<group>"; };
/* End PBXFileReference section */

/* Begin PBXFrameworksBuildPhase section */
		D35591C4212F082100BE1283 /* Frameworks */ = {
			isa = PBXFrameworksBuildPhase;
			buildActionMask = 2147483647;
			files = (
			);
			runOnlyForDeploymentPostprocessing = 0;
		};
/* End PBXFrameworksBuildPhase section */

/* Begin PBXGroup section */
		D35591BE212F082100BE1283 = {
			isa = PBXGroup;
			children = (
				D35591C9212F082100BE1283 /* app-swoosh */,
				D35591C8212F082100BE1283 /* Products */,
			);
			sourceTree = "<group>";
		};
		D35591C8212F082100BE1283 /* Products */ = {
			isa = PBXGroup;
			children = (
				D35591C7212F082100BE1283 /* app-swoosh.app */,
			);
			name = Products;
			sourceTree = "<group>";
		};
		D35591C9212F082100BE1283 /* app-swoosh */ = {
			isa = PBXGroup;
			children = (
				D365C7F8213181300043B515 /* Models */,
				D365C7F7213181230043B515 /* Controllers */,
				D35591DC212F0AC500BE1283 /* Views */,
				D35591CA212F082100BE1283 /* AppDelegate.swift */,
				D35591CE212F082100BE1283 /* Main.storyboard */,
				D35591D1212F082200BE1283 /* Assets.xcassets */,
				D35591D3212F082200BE1283 /* LaunchScreen.storyboard */,
				D35591D6212F082200BE1283 /* Info.plist */,
			);
			path = "app-swoosh";
			sourceTree = "<group>";
		};
		D35591DC212F0AC500BE1283 /* Views */ = {
			isa = PBXGroup;
			children = (
				D35591DD212F0AF000BE1283 /* BorderedButton.swift */,
			);
			path = Views;
			sourceTree = "<group>";
		};
		D365C7F7213181230043B515 /* Controllers */ = {
			isa = PBXGroup;
			children = (
				D35591CC212F082100BE1283 /* WelcomeVC.swift */,
				D365C7FB2131815D0043B515 /* SkillVC.swift */,
				D365C7FD213181880043B515 /* LeagueVC.swift */,
			);
			path = Controllers;
			sourceTree = "<group>";
		};
		D365C7F8213181300043B515 /* Models */ = {
			isa = PBXGroup;
			children = (
				D365C7FF213189320043B515 /* Player.swift */,
			);
			path = Models;
			sourceTree = "<group>";
		};
/* End PBXGroup section */

/* Begin PBXNativeTarget section */
		D35591C6212F082100BE1283 /* app-swoosh */ = {
			isa = PBXNativeTarget;
			buildConfigurationList = D35591D9212F082200BE1283 /* Build configuration list for PBXNativeTarget "app-swoosh" */;
			buildPhases = (
				D35591C3212F082100BE1283 /* Sources */,
				D35591C4212F082100BE1283 /* Frameworks */,
				D35591C5212F082100BE1283 /* Resources */,
			);
			buildRules = (
			);
			dependencies = (
			);
			name = "app-swoosh";
			productName = "app-swoosh";
			productReference = D35591C7212F082100BE1283 /* app-swoosh.app */;
			productType = "com.apple.product-type.application";
		};
/* End PBXNativeTarget section */

/* Begin PBXProject section */
		D35591BF212F082100BE1283 /* Project object */ = {
			isa = PBXProject;
			attributes = {
				LastSwiftUpdateCheck = 0940;
				LastUpgradeCheck = 0940;
				ORGANIZATIONNAME = "Nghia Luu";
				TargetAttributes = {
					D35591C6212F082100BE1283 = {
						CreatedOnToolsVersion = 9.4.1;
					};
				};
			};
			buildConfigurationList = D35591C2212F082100BE1283 /* Build configuration list for PBXProject "app-swoosh" */;
			compatibilityVersion = "Xcode 9.3";
			developmentRegion = en;
			hasScannedForEncodings = 0;
			knownRegions = (
				en,
				Base,
			);
			mainGroup = D35591BE212F082100BE1283;
			productRefGroup = D35591C8212F082100BE1283 /* Products */;
			projectDirPath = "";
			projectRoot = "";
			targets = (
				D35591C6212F082100BE1283 /* app-swoosh */,
			);
		};
/* End PBXProject section */

/* Begin PBXResourcesBuildPhase section */
		D35591C5212F082100BE1283 /* Resources */ = {
			isa = PBXResourcesBuildPhase;
			buildActionMask = 2147483647;
			files = (
				D35591D5212F082200BE1283 /* LaunchScreen.storyboard in Resources */,
				D35591D2212F082200BE1283 /* Assets.xcassets in Resources */,
				D35591D0212F082100BE1283 /* Main.storyboard in Resources */,
			);
			runOnlyForDeploymentPostprocessing = 0;
		};
/* End PBXResourcesBuildPhase section */

/* Begin PBXSourcesBuildPhase section */
		D35591C3212F082100BE1283 /* Sources */ = {
			isa = PBXSourcesBuildPhase;
			buildActionMask = 2147483647;
			files = (
				D365C7FE213181880043B515 /* LeagueVC.swift in Sources */,
				D35591CD212F082100BE1283 /* WelcomeVC.swift in Sources */,
				D35591CB212F082100BE1283 /* AppDelegate.swift in Sources */,
				D365C7FC2131815D0043B515 /* SkillVC.swift in Sources */,
				D365C800213189320043B515 /* Player.swift in Sources */,
				D35591DE212F0AF000BE1283 /* BorderedButton.swift in Sources */,
			);
			runOnlyForDeploymentPostprocessing = 0;
		};
/* End PBXSourcesBuildPhase section */

/* Begin PBXVariantGroup section */
		D35591CE212F082100BE1283 /* Main.storyboard */ = {
			isa = PBXVariantGroup;
			children = (
				D35591CF212F082100BE1283 /* Base */,
			);
			name = Main.storyboard;
			sourceTree = "<group>";
		};
		D35591D3212F082200BE1283 /* LaunchScreen.storyboard */ = {
			isa = PBXVariantGroup;
			children = (
				D35591D4212F082200BE1283 /* Base */,
			);
			name = LaunchScreen.storyboard;
			sourceTree = "<group>";
		};
/* End PBXVariantGroup section */

/* Begin XCBuildConfiguration section */
		D35591D7212F082200BE1283 /* Debug */ = {
			isa = XCBuildConfiguration;
			buildSettings = {
				ALWAYS_SEARCH_USER_PATHS = NO;
				CLANG_ANALYZER_NONNULL = YES;
				CLANG_ANALYZER_NUMBER_OBJECT_CONVERSION = YES_AGGRESSIVE;
				CLANG_CXX_LANGUAGE_STANDARD = "gnu++14";
				CLANG_CXX_LIBRARY = "libc++";
				CLANG_ENABLE_MODULES = YES;
				CLANG_ENABLE_OBJC_ARC = YES;
				CLANG_ENABLE_OBJC_WEAK = YES;
				CLANG_WARN_BLOCK_CAPTURE_AUTORELEASING = YES;
				CLANG_WARN_BOOL_CONVERSION = YES;
				CLANG_WARN_COMMA = YES;
				CLANG_WARN_CONSTANT_CONVERSION = YES;
				CLANG_WARN_DEPRECATED_OBJC_IMPLEMENTATIONS = YES;
				CLANG_WARN_DIRECT_OBJC_ISA_USAGE = YES_ERROR;
				CLANG_WARN_DOCUMENTATION_COMMENTS = YES;
				CLANG_WARN_EMPTY_BODY = YES;
				CLANG_WARN_ENUM_CONVERSION = YES;
				CLANG_WARN_INFINITE_RECURSION = YES;
				CLANG_WARN_INT_CONVERSION = YES;
				CLANG_WARN_NON_LITERAL_NULL_CONVERSION = YES;
				CLANG_WARN_OBJC_IMPLICIT_RETAIN_SELF = YES;
				CLANG_WARN_OBJC_LITERAL_CONVERSION = YES;
				CLANG_WARN_OBJC_ROOT_CLASS = YES_ERROR;
				CLANG_WARN_RANGE_LOOP_ANALYSIS = YES;
				CLANG_WARN_STRICT_PROTOTYPES = YES;
				CLANG_WARN_SUSPICIOUS_MOVE = YES;
				CLANG_WARN_UNGUARDED_AVAILABILITY = YES_AGGRESSIVE;
				CLANG_WARN_UNREACHABLE_CODE = YES;
				CLANG_WARN__DUPLICATE_METHOD_MATCH = YES;
				CODE_SIGN_IDENTITY = "iPhone Developer";
				COPY_PHASE_STRIP = NO;
				DEBUG_INFORMATION_FORMAT = dwarf;
				ENABLE_STRICT_OBJC_MSGSEND = YES;
				ENABLE_TESTABILITY = YES;
				GCC_C_LANGUAGE_STANDARD = gnu11;
				GCC_DYNAMIC_NO_PIC = NO;
				GCC_NO_COMMON_BLOCKS = YES;
				GCC_OPTIMIZATION_LEVEL = 0;
				GCC_PREPROCESSOR_DEFINITIONS = (
					"DEBUG=1",
					"$(inherited)",
				);
				GCC_WARN_64_TO_32_BIT_CONVERSION = YES;
				GCC_WARN_ABOUT_RETURN_TYPE = YES_ERROR;
				GCC_WARN_UNDECLARED_SELECTOR = YES;
				GCC_WARN_UNINITIALIZED_AUTOS = YES_AGGRESSIVE;
				GCC_WARN_UNUSED_FUNCTION = YES;
				GCC_WARN_UNUSED_VARIABLE = YES;
				IPHONEOS_DEPLOYMENT_TARGET = 11.4;
				MTL_ENABLE_DEBUG_INFO = YES;
				ONLY_ACTIVE_ARCH = YES;
				SDKROOT = iphoneos;
				SWIFT_ACTIVE_COMPILATION_CONDITIONS = DEBUG;
				SWIFT_OPTIMIZATION_LEVEL = "-Onone";
			};
			name = Debug;
		};
		D35591D8212F082200BE1283 /* Release */ = {
			isa = XCBuildConfiguration;
			buildSettings = {
				ALWAYS_SEARCH_USER_PATHS = NO;
				CLANG_ANALYZER_NONNULL = YES;
				CLANG_ANALYZER_NUMBER_OBJECT_CONVERSION = YES_AGGRESSIVE;
				CLANG_CXX_LANGUAGE_STANDARD = "gnu++14";
				CLANG_CXX_LIBRARY = "libc++";
				CLANG_ENABLE_MODULES = YES;
				CLANG_ENABLE_OBJC_ARC = YES;
				CLANG_ENABLE_OBJC_WEAK = YES;
				CLANG_WARN_BLOCK_CAPTURE_AUTORELEASING = YES;
				CLANG_WARN_BOOL_CONVERSION = YES;
				CLANG_WARN_COMMA = YES;
				CLANG_WARN_CONSTANT_CONVERSION = YES;
				CLANG_WARN_DEPRECATED_OBJC_IMPLEMENTATIONS = YES;
				CLANG_WARN_DIRECT_OBJC_ISA_USAGE = YES_ERROR;
				CLANG_WARN_DOCUMENTATION_COMMENTS = YES;
				CLANG_WARN_EMPTY_BODY = YES;
				CLANG_WARN_ENUM_CONVERSION = YES;
				CLANG_WARN_INFINITE_RECURSION = YES;
				CLANG_WARN_INT_CONVERSION = YES;
				CLANG_WARN_NON_LITERAL_NULL_CONVERSION = YES;
				CLANG_WARN_OBJC_IMPLICIT_RETAIN_SELF = YES;
				CLANG_WARN_OBJC_LITERAL_CONVERSION = YES;
				CLANG_WARN_OBJC_ROOT_CLASS = YES_ERROR;
				CLANG_WARN_RANGE_LOOP_ANALYSIS = YES;
				CLANG_WARN_STRICT_PROTOTYPES = YES;
				CLANG_WARN_SUSPICIOUS_MOVE = YES;
				CLANG_WARN_UNGUARDED_AVAILABILITY = YES_AGGRESSIVE;
				CLANG_WARN_UNREACHABLE_CODE = YES;
				CLANG_WARN__DUPLICATE_METHOD_MATCH = YES;
				CODE_SIGN_IDENTITY = "iPhone Developer";
				COPY_PHASE_STRIP = NO;
				DEBUG_INFORMATION_FORMAT = "dwarf-with-dsym";
				ENABLE_NS_ASSERTIONS = NO;
				ENABLE_STRICT_OBJC_MSGSEND = YES;
				GCC_C_LANGUAGE_STANDARD = gnu11;
				GCC_NO_COMMON_BLOCKS = YES;
				GCC_WARN_64_TO_32_BIT_CONVERSION = YES;
				GCC_WARN_ABOUT_RETURN_TYPE = YES_ERROR;
				GCC_WARN_UNDECLARED_SELECTOR = YES;
				GCC_WARN_UNINITIALIZED_AUTOS = YES_AGGRESSIVE;
				GCC_WARN_UNUSED_FUNCTION = YES;
				GCC_WARN_UNUSED_VARIABLE = YES;
				IPHONEOS_DEPLOYMENT_TARGET = 11.4;
				MTL_ENABLE_DEBUG_INFO = NO;
				SDKROOT = iphoneos;
				SWIFT_COMPILATION_MODE = wholemodule;
				SWIFT_OPTIMIZATION_LEVEL = "-O";
				VALIDATE_PRODUCT = YES;
			};
			name = Release;
		};
		D35591DA212F082200BE1283 /* Debug */ = {
			isa = XCBuildConfiguration;
			buildSettings = {
				ASSETCATALOG_COMPILER_APPICON_NAME = AppIcon;
				CODE_SIGN_STYLE = Automatic;
				INFOPLIST_FILE = "app-swoosh/Info.plist";
				LD_RUNPATH_SEARCH_PATHS = (
					"$(inherited)",
					"@executable_path/Frameworks",
				);
				PRODUCT_BUNDLE_IDENTIFIER = "com.ziggy192.app-swoosh";
				PRODUCT_NAME = "$(TARGET_NAME)";
				SWIFT_VERSION = 4.0;
				TARGETED_DEVICE_FAMILY = "1,2";
			};
			name = Debug;
		};
		D35591DB212F082200BE1283 /* Release */ = {
			isa = XCBuildConfiguration;
			buildSettings = {
				ASSETCATALOG_COMPILER_APPICON_NAME = AppIcon;
				CODE_SIGN_STYLE = Automatic;
				INFOPLIST_FILE = "app-swoosh/Info.plist";
				LD_RUNPATH_SEARCH_PATHS = (
					"$(inherited)",
					"@executable_path/Frameworks",
				);
				PRODUCT_BUNDLE_IDENTIFIER = "com.ziggy192.app-swoosh";
				PRODUCT_NAME = "$(TARGET_NAME)";
				SWIFT_VERSION = 4.0;
				TARGETED_DEVICE_FAMILY = "1,2";
			};
			name = Release;
		};
/* End XCBuildConfiguration section */

/* Begin XCConfigurationList section */
		D35591C2212F082100BE1283 /* Build configuration list for PBXProject "app-swoosh" */ = {
			isa = XCConfigurationList;
			buildConfigurations = (
				D35591D7212F082200BE1283 /* Debug */,
				D35591D8212F082200BE1283 /* Release */,
			);
			defaultConfigurationIsVisible = 0;
			defaultConfigurationName = Release;
		};
		D35591D9212F082200BE1283 /* Build configuration list for PBXNativeTarget "app-swoosh" */ = {
			isa = XCConfigurationList;
			buildConfigurations = (
				D35591DA212F082200BE1283 /* Debug */,
				D35591DB212F082200BE1283 /* Release */,
			);
			defaultConfigurationIsVisible = 0;
			defaultConfigurationName = Release;
		};
/* End XCConfigurationList section */
	};
	rootObject = D35591BF212F082100BE1283 /* Project object */;
}
